// !$*UTF8*$!
{
	archiveVersion = 1;
	classes = {
	};
	objectVersion = 56;
	objects = {

/* Begin PBXBuildFile section */
		748C3EA4299EA821000ED735 /* WhoAmIApp.swift in Sources */ = {isa = PBXBuildFile; fileRef = 748C3EA3299EA821000ED735 /* WhoAmIApp.swift */; };
		748C3EA6299EA821000ED735 /* ContentView.swift in Sources */ = {isa = PBXBuildFile; fileRef = 748C3EA5299EA821000ED735 /* ContentView.swift */; };
		748C3EA8299EA823000ED735 /* Assets.xcassets in Resources */ = {isa = PBXBuildFile; fileRef = 748C3EA7299EA823000ED735 /* Assets.xcassets */; };
		748C3EAB299EA823000ED735 /* Preview Assets.xcassets in Resources */ = {isa = PBXBuildFile; fileRef = 748C3EAA299EA823000ED735 /* Preview Assets.xcassets */; };
		748C3EB5299EA823000ED735 /* WhoAmITests.swift in Sources */ = {isa = PBXBuildFile; fileRef = 748C3EB4299EA823000ED735 /* WhoAmITests.swift */; };
		748C3EBF299EA823000ED735 /* WhoAmIUITests.swift in Sources */ = {isa = PBXBuildFile; fileRef = 748C3EBE299EA823000ED735 /* WhoAmIUITests.swift */; };
		748C3EC1299EA823000ED735 /* WhoAmIUITestsLaunchTests.swift in Sources */ = {isa = PBXBuildFile; fileRef = 748C3EC0299EA823000ED735 /* WhoAmIUITestsLaunchTests.swift */; };
/* End PBXBuildFile section */

/* Begin PBXContainerItemProxy section */
		748C3EB1299EA823000ED735 /* PBXContainerItemProxy */ = {
			isa = PBXContainerItemProxy;
			containerPortal = 748C3E98299EA821000ED735 /* Project object */;
			proxyType = 1;
			remoteGlobalIDString = 748C3E9F299EA821000ED735;
			remoteInfo = WhoAmI;
		};
		748C3EBB299EA823000ED735 /* PBXContainerItemProxy */ = {
			isa = PBXContainerItemProxy;
			containerPortal = 748C3E98299EA821000ED735 /* Project object */;
			proxyType = 1;
			remoteGlobalIDString = 748C3E9F299EA821000ED735;
			remoteInfo = WhoAmI;
		};
/* End PBXContainerItemProxy section */

/* Begin PBXFileReference section */
		748C3EA0299EA821000ED735 /* WhoAmI.app */ = {isa = PBXFileReference; explicitFileType = wrapper.application; includeInIndex = 0; path = WhoAmI.app; sourceTree = BUILT_PRODUCTS_DIR; };
		748C3EA3299EA821000ED735 /* WhoAmIApp.swift */ = {isa = PBXFileReference; lastKnownFileType = sourcecode.swift; path = WhoAmIApp.swift; sourceTree = "<group>"; };
		748C3EA5299EA821000ED735 /* ContentView.swift */ = {isa = PBXFileReference; lastKnownFileType = sourcecode.swift; path = ContentView.swift; sourceTree = "<group>"; };
		748C3EA7299EA823000ED735 /* Assets.xcassets */ = {isa = PBXFileReference; lastKnownFileType = folder.assetcatalog; path = Assets.xcassets; sourceTree = "<group>"; };
		748C3EAA299EA823000ED735 /* Preview Assets.xcassets */ = {isa = PBXFileReference; lastKnownFileType = folder.assetcatalog; path = "Preview Assets.xcassets"; sourceTree = "<group>"; };
		748C3EB0299EA823000ED735 /* WhoAmITests.xctest */ = {isa = PBXFileReference; explicitFileType = wrapper.cfbundle; includeInIndex = 0; path = WhoAmITests.xctest; sourceTree = BUILT_PRODUCTS_DIR; };
		748C3EB4299EA823000ED735 /* WhoAmITests.swift */ = {isa = PBXFileReference; lastKnownFileType = sourcecode.swift; path = WhoAmITests.swift; sourceTree = "<group>"; };
		748C3EBA299EA823000ED735 /* WhoAmIUITests.xctest */ = {isa = PBXFileReference; explicitFileType = wrapper.cfbundle; includeInIndex = 0; path = WhoAmIUITests.xctest; sourceTree = BUILT_PRODUCTS_DIR; };
		748C3EBE299EA823000ED735 /* WhoAmIUITests.swift */ = {isa = PBXFileReference; lastKnownFileType = sourcecode.swift; path = WhoAmIUITests.swift; sourceTree = "<group>"; };
		748C3EC0299EA823000ED735 /* WhoAmIUITestsLaunchTests.swift */ = {isa = PBXFileReference; lastKnownFileType = sourcecode.swift; path = WhoAmIUITestsLaunchTests.swift; sourceTree = "<group>"; };
/* End PBXFileReference section */

/* Begin PBXFrameworksBuildPhase section */
		748C3E9D299EA821000ED735 /* Frameworks */ = {
			isa = PBXFrameworksBuildPhase;
			buildActionMask = 2147483647;
			files = (
			);
			runOnlyForDeploymentPostprocessing = 0;
		};
		748C3EAD299EA823000ED735 /* Frameworks */ = {
			isa = PBXFrameworksBuildPhase;
			buildActionMask = 2147483647;
			files = (
			);
			runOnlyForDeploymentPostprocessing = 0;
		};
		748C3EB7299EA823000ED735 /* Frameworks */ = {
			isa = PBXFrameworksBuildPhase;
			buildActionMask = 2147483647;
			files = (
			);
			runOnlyForDeploymentPostprocessing = 0;
		};
/* End PBXFrameworksBuildPhase section */

/* Begin PBXGroup section */
		748C3E97299EA821000ED735 = {
			isa = PBXGroup;
			children = (
				748C3EA2299EA821000ED735 /* WhoAmI */,
				748C3EB3299EA823000ED735 /* WhoAmITests */,
				748C3EBD299EA823000ED735 /* WhoAmIUITests */,
				748C3EA1299EA821000ED735 /* Products */,
			);
			sourceTree = "<group>";
		};
		748C3EA1299EA821000ED735 /* Products */ = {
			isa = PBXGroup;
			children = (
				748C3EA0299EA821000ED735 /* WhoAmI.app */,
				748C3EB0299EA823000ED735 /* WhoAmITests.xctest */,
				748C3EBA299EA823000ED735 /* WhoAmIUITests.xctest */,
			);
			name = Products;
			sourceTree = "<group>";
		};
		748C3EA2299EA821000ED735 /* WhoAmI */ = {
			isa = PBXGroup;
			children = (
				748C3EA3299EA821000ED735 /* WhoAmIApp.swift */,
				748C3EA5299EA821000ED735 /* ContentView.swift */,
				748C3EA7299EA823000ED735 /* Assets.xcassets */,
				748C3EA9299EA823000ED735 /* Preview Content */,
			);
			path = WhoAmI;
			sourceTree = "<group>";
		};
		748C3EA9299EA823000ED735 /* Preview Content */ = {
			isa = PBXGroup;
			children = (
				748C3EAA299EA823000ED735 /* Preview Assets.xcassets */,
			);
			path = "Preview Content";
			sourceTree = "<group>";
		};
		748C3EB3299EA823000ED735 /* WhoAmITests */ = {
			isa = PBXGroup;
			children = (
				748C3EB4299EA823000ED735 /* WhoAmITests.swift */,
			);
			path = WhoAmITests;
			sourceTree = "<group>";
		};
		748C3EBD299EA823000ED735 /* WhoAmIUITests */ = {
			isa = PBXGroup;
			children = (
				748C3EBE299EA823000ED735 /* WhoAmIUITests.swift */,
				748C3EC0299EA823000ED735 /* WhoAmIUITestsLaunchTests.swift */,
			);
			path = WhoAmIUITests;
			sourceTree = "<group>";
		};
/* End PBXGroup section */

/* Begin PBXNativeTarget section */
		748C3E9F299EA821000ED735 /* WhoAmI */ = {
			isa = PBXNativeTarget;
			buildConfigurationList = 748C3EC4299EA823000ED735 /* Build configuration list for PBXNativeTarget "WhoAmI" */;
			buildPhases = (
				748C3E9C299EA821000ED735 /* Sources */,
				748C3E9D299EA821000ED735 /* Frameworks */,
				748C3E9E299EA821000ED735 /* Resources */,
			);
			buildRules = (
			);
			dependencies = (
			);
			name = WhoAmI;
			productName = WhoAmI;
			productReference = 748C3EA0299EA821000ED735 /* WhoAmI.app */;
			productType = "com.apple.product-type.application";
		};
		748C3EAF299EA823000ED735 /* WhoAmITests */ = {
			isa = PBXNativeTarget;
			buildConfigurationList = 748C3EC7299EA823000ED735 /* Build configuration list for PBXNativeTarget "WhoAmITests" */;
			buildPhases = (
				748C3EAC299EA823000ED735 /* Sources */,
				748C3EAD299EA823000ED735 /* Frameworks */,
				748C3EAE299EA823000ED735 /* Resources */,
			);
			buildRules = (
			);
			dependencies = (
				748C3EB2299EA823000ED735 /* PBXTargetDependency */,
			);
			name = WhoAmITests;
			productName = WhoAmITests;
			productReference = 748C3EB0299EA823000ED735 /* WhoAmITests.xctest */;
			productType = "com.apple.product-type.bundle.unit-test";
		};
		748C3EB9299EA823000ED735 /* WhoAmIUITests */ = {
			isa = PBXNativeTarget;
			buildConfigurationList = 748C3ECA299EA823000ED735 /* Build configuration list for PBXNativeTarget "WhoAmIUITests" */;
			buildPhases = (
				748C3EB6299EA823000ED735 /* Sources */,
				748C3EB7299EA823000ED735 /* Frameworks */,
				748C3EB8299EA823000ED735 /* Resources */,
			);
			buildRules = (
			);
			dependencies = (
				748C3EBC299EA823000ED735 /* PBXTargetDependency */,
			);
			name = WhoAmIUITests;
			productName = WhoAmIUITests;
			productReference = 748C3EBA299EA823000ED735 /* WhoAmIUITests.xctest */;
			productType = "com.apple.product-type.bundle.ui-testing";
		};
/* End PBXNativeTarget section */

/* Begin PBXProject section */
		748C3E98299EA821000ED735 /* Project object */ = {
			isa = PBXProject;
			attributes = {
				BuildIndependentTargetsInParallel = 1;
				LastSwiftUpdateCheck = 1420;
				LastUpgradeCheck = 1420;
				TargetAttributes = {
					748C3E9F299EA821000ED735 = {
						CreatedOnToolsVersion = 14.2;
					};
					748C3EAF299EA823000ED735 = {
						CreatedOnToolsVersion = 14.2;
						TestTargetID = 748C3E9F299EA821000ED735;
					};
					748C3EB9299EA823000ED735 = {
						CreatedOnToolsVersion = 14.2;
						TestTargetID = 748C3E9F299EA821000ED735;
					};
				};
			};
			buildConfigurationList = 748C3E9B299EA821000ED735 /* Build configuration list for PBXProject "WhoAmI" */;
			compatibilityVersion = "Xcode 14.0";
			developmentRegion = en;
			hasScannedForEncodings = 0;
			knownRegions = (
				en,
				Base,
			);
			mainGroup = 748C3E97299EA821000ED735;
			productRefGroup = 748C3EA1299EA821000ED735 /* Products */;
			projectDirPath = "";
			projectRoot = "";
			targets = (
				748C3E9F299EA821000ED735 /* WhoAmI */,
				748C3EAF299EA823000ED735 /* WhoAmITests */,
				748C3EB9299EA823000ED735 /* WhoAmIUITests */,
			);
		};
/* End PBXProject section */

/* Begin PBXResourcesBuildPhase section */
		748C3E9E299EA821000ED735 /* Resources */ = {
			isa = PBXResourcesBuildPhase;
			buildActionMask = 2147483647;
			files = (
				748C3EAB299EA823000ED735 /* Preview Assets.xcassets in Resources */,
				748C3EA8299EA823000ED735 /* Assets.xcassets in Resources */,
			);
			runOnlyForDeploymentPostprocessing = 0;
		};
		748C3EAE299EA823000ED735 /* Resources */ = {
			isa = PBXResourcesBuildPhase;
			buildActionMask = 2147483647;
			files = (
			);
			runOnlyForDeploymentPostprocessing = 0;
		};
		748C3EB8299EA823000ED735 /* Resources */ = {
			isa = PBXResourcesBuildPhase;
			buildActionMask = 2147483647;
			files = (
			);
			runOnlyForDeploymentPostprocessing = 0;
		};
/* End PBXResourcesBuildPhase section */

/* Begin PBXSourcesBuildPhase section */
		748C3E9C299EA821000ED735 /* Sources */ = {
			isa = PBXSourcesBuildPhase;
			buildActionMask = 2147483647;
			files = (
				748C3EA6299EA821000ED735 /* ContentView.swift in Sources */,
				748C3EA4299EA821000ED735 /* WhoAmIApp.swift in Sources */,
			);
			runOnlyForDeploymentPostprocessing = 0;
		};
		748C3EAC299EA823000ED735 /* Sources */ = {
			isa = PBXSourcesBuildPhase;
			buildActionMask = 2147483647;
			files = (
				748C3EB5299EA823000ED735 /* WhoAmITests.swift in Sources */,
			);
			runOnlyForDeploymentPostprocessing = 0;
		};
		748C3EB6299EA823000ED735 /* Sources */ = {
			isa = PBXSourcesBuildPhase;
			buildActionMask = 2147483647;
			files = (
				748C3EBF299EA823000ED735 /* WhoAmIUITests.swift in Sources */,
				748C3EC1299EA823000ED735 /* WhoAmIUITestsLaunchTests.swift in Sources */,
			);
			runOnlyForDeploymentPostprocessing = 0;
		};
/* End PBXSourcesBuildPhase section */

/* Begin PBXTargetDependency section */
		748C3EB2299EA823000ED735 /* PBXTargetDependency */ = {
			isa = PBXTargetDependency;
			target = 748C3E9F299EA821000ED735 /* WhoAmI */;
			targetProxy = 748C3EB1299EA823000ED735 /* PBXContainerItemProxy */;
		};
		748C3EBC299EA823000ED735 /* PBXTargetDependency */ = {
			isa = PBXTargetDependency;
			target = 748C3E9F299EA821000ED735 /* WhoAmI */;
			targetProxy = 748C3EBB299EA823000ED735 /* PBXContainerItemProxy */;
		};
/* End PBXTargetDependency section */

/* Begin XCBuildConfiguration section */
		748C3EC2299EA823000ED735 /* Debug */ = {
			isa = XCBuildConfiguration;
			buildSettings = {
				ALWAYS_SEARCH_USER_PATHS = NO;
				CLANG_ANALYZER_NONNULL = YES;
				CLANG_ANALYZER_NUMBER_OBJECT_CONVERSION = YES_AGGRESSIVE;
				CLANG_CXX_LANGUAGE_STANDARD = "gnu++20";
				CLANG_ENABLE_MODULES = YES;
				CLANG_ENABLE_OBJC_ARC = YES;
				CLANG_ENABLE_OBJC_WEAK = YES;
				CLANG_WARN_BLOCK_CAPTURE_AUTORELEASING = YES;
				CLANG_WARN_BOOL_CONVERSION = YES;
				CLANG_WARN_COMMA = YES;
				CLANG_WARN_CONSTANT_CONVERSION = YES;
				CLANG_WARN_DEPRECATED_OBJC_IMPLEMENTATIONS = YES;
				CLANG_WARN_DIRECT_OBJC_ISA_USAGE = YES_ERROR;
				CLANG_WARN_DOCUMENTATION_COMMENTS = YES;
				CLANG_WARN_EMPTY_BODY = YES;
				CLANG_WARN_ENUM_CONVERSION = YES;
				CLANG_WARN_INFINITE_RECURSION = YES;
				CLANG_WARN_INT_CONVERSION = YES;
				CLANG_WARN_NON_LITERAL_NULL_CONVERSION = YES;
				CLANG_WARN_OBJC_IMPLICIT_RETAIN_SELF = YES;
				CLANG_WARN_OBJC_LITERAL_CONVERSION = YES;
				CLANG_WARN_OBJC_ROOT_CLASS = YES_ERROR;
				CLANG_WARN_QUOTED_INCLUDE_IN_FRAMEWORK_HEADER = YES;
				CLANG_WARN_RANGE_LOOP_ANALYSIS = YES;
				CLANG_WARN_STRICT_PROTOTYPES = YES;
				CLANG_WARN_SUSPICIOUS_MOVE = YES;
				CLANG_WARN_UNGUARDED_AVAILABILITY = YES_AGGRESSIVE;
				CLANG_WARN_UNREACHABLE_CODE = YES;
				CLANG_WARN__DUPLICATE_METHOD_MATCH = YES;
				COPY_PHASE_STRIP = NO;
				DEBUG_INFORMATION_FORMAT = dwarf;
				ENABLE_STRICT_OBJC_MSGSEND = YES;
				ENABLE_TESTABILITY = YES;
				GCC_C_LANGUAGE_STANDARD = gnu11;
				GCC_DYNAMIC_NO_PIC = NO;
				GCC_NO_COMMON_BLOCKS = YES;
				GCC_OPTIMIZATION_LEVEL = 0;
				GCC_PREPROCESSOR_DEFINITIONS = (
					"DEBUG=1",
					"$(inherited)",
				);
				GCC_WARN_64_TO_32_BIT_CONVERSION = YES;
				GCC_WARN_ABOUT_RETURN_TYPE = YES_ERROR;
				GCC_WARN_UNDECLARED_SELECTOR = YES;
				GCC_WARN_UNINITIALIZED_AUTOS = YES_AGGRESSIVE;
				GCC_WARN_UNUSED_FUNCTION = YES;
				GCC_WARN_UNUSED_VARIABLE = YES;
				IPHONEOS_DEPLOYMENT_TARGET = 16.2;
				MTL_ENABLE_DEBUG_INFO = INCLUDE_SOURCE;
				MTL_FAST_MATH = YES;
				ONLY_ACTIVE_ARCH = YES;
				SDKROOT = iphoneos;
				SWIFT_ACTIVE_COMPILATION_CONDITIONS = DEBUG;
				SWIFT_OPTIMIZATION_LEVEL = "-Onone";
			};
			name = Debug;
		};
		748C3EC3299EA823000ED735 /* Release */ = {
			isa = XCBuildConfiguration;
			buildSettings = {
				ALWAYS_SEARCH_USER_PATHS = NO;
				CLANG_ANALYZER_NONNULL = YES;
				CLANG_ANALYZER_NUMBER_OBJECT_CONVERSION = YES_AGGRESSIVE;
				CLANG_CXX_LANGUAGE_STANDARD = "gnu++20";
				CLANG_ENABLE_MODULES = YES;
				CLANG_ENABLE_OBJC_ARC = YES;
				CLANG_ENABLE_OBJC_WEAK = YES;
				CLANG_WARN_BLOCK_CAPTURE_AUTORELEASING = YES;
				CLANG_WARN_BOOL_CONVERSION = YES;
				CLANG_WARN_COMMA = YES;
				CLANG_WARN_CONSTANT_CONVERSION = YES;
				CLANG_WARN_DEPRECATED_OBJC_IMPLEMENTATIONS = YES;
				CLANG_WARN_DIRECT_OBJC_ISA_USAGE = YES_ERROR;
				CLANG_WARN_DOCUMENTATION_COMMENTS = YES;
				CLANG_WARN_EMPTY_BODY = YES;
				CLANG_WARN_ENUM_CONVERSION = YES;
				CLANG_WARN_INFINITE_RECURSION = YES;
				CLANG_WARN_INT_CONVERSION = YES;
				CLANG_WARN_NON_LITERAL_NULL_CONVERSION = YES;
				CLANG_WARN_OBJC_IMPLICIT_RETAIN_SELF = YES;
				CLANG_WARN_OBJC_LITERAL_CONVERSION = YES;
				CLANG_WARN_OBJC_ROOT_CLASS = YES_ERROR;
				CLANG_WARN_QUOTED_INCLUDE_IN_FRAMEWORK_HEADER = YES;
				CLANG_WARN_RANGE_LOOP_ANALYSIS = YES;
				CLANG_WARN_STRICT_PROTOTYPES = YES;
				CLANG_WARN_SUSPICIOUS_MOVE = YES;
				CLANG_WARN_UNGUARDED_AVAILABILITY = YES_AGGRESSIVE;
				CLANG_WARN_UNREACHABLE_CODE = YES;
				CLANG_WARN__DUPLICATE_METHOD_MATCH = YES;
				COPY_PHASE_STRIP = NO;
				DEBUG_INFORMATION_FORMAT = "dwarf-with-dsym";
				ENABLE_NS_ASSERTIONS = NO;
				ENABLE_STRICT_OBJC_MSGSEND = YES;
				GCC_C_LANGUAGE_STANDARD = gnu11;
				GCC_NO_COMMON_BLOCKS = YES;
				GCC_WARN_64_TO_32_BIT_CONVERSION = YES;
				GCC_WARN_ABOUT_RETURN_TYPE = YES_ERROR;
				GCC_WARN_UNDECLARED_SELECTOR = YES;
				GCC_WARN_UNINITIALIZED_AUTOS = YES_AGGRESSIVE;
				GCC_WARN_UNUSED_FUNCTION = YES;
				GCC_WARN_UNUSED_VARIABLE = YES;
				IPHONEOS_DEPLOYMENT_TARGET = 16.2;
				MTL_ENABLE_DEBUG_INFO = NO;
				MTL_FAST_MATH = YES;
				SDKROOT = iphoneos;
				SWIFT_COMPILATION_MODE = wholemodule;
				SWIFT_OPTIMIZATION_LEVEL = "-O";
				VALIDATE_PRODUCT = YES;
			};
			name = Release;
		};
		748C3EC5299EA823000ED735 /* Debug */ = {
			isa = XCBuildConfiguration;
			buildSettings = {
				ASSETCATALOG_COMPILER_APPICON_NAME = AppIcon;
				ASSETCATALOG_COMPILER_GLOBAL_ACCENT_COLOR_NAME = AccentColor;
				CODE_SIGN_STYLE = Automatic;
				CURRENT_PROJECT_VERSION = 1;
				DEVELOPMENT_ASSET_PATHS = "\"WhoAmI/Preview Content\"";
				ENABLE_PREVIEWS = YES;
				GENERATE_INFOPLIST_FILE = YES;
				INFOPLIST_KEY_UIApplicationSceneManifest_Generation = YES;
				INFOPLIST_KEY_UIApplicationSupportsIndirectInputEvents = YES;
				INFOPLIST_KEY_UILaunchScreen_Generation = YES;
				INFOPLIST_KEY_UISupportedInterfaceOrientations_iPad = "UIInterfaceOrientationPortrait UIInterfaceOrientationPortraitUpsideDown UIInterfaceOrientationLandscapeLeft UIInterfaceOrientationLandscapeRight";
				INFOPLIST_KEY_UISupportedInterfaceOrientations_iPhone = "UIInterfaceOrientationPortrait UIInterfaceOrientationLandscapeLeft UIInterfaceOrientationLandscapeRight";
				LD_RUNPATH_SEARCH_PATHS = (
					"$(inherited)",
					"@executable_path/Frameworks",
				);
				MARKETING_VERSION = 1.0;
				PRODUCT_BUNDLE_IDENTIFIER = Tinkoko.WhoAmI;
				PRODUCT_NAME = "$(TARGET_NAME)";
				SWIFT_EMIT_LOC_STRINGS = YES;
				SWIFT_VERSION = 5.0;
				TARGETED_DEVICE_FAMILY = "1,2";
			};
			name = Debug;
		};
		748C3EC6299EA823000ED735 /* Release */ = {
			isa = XCBuildConfiguration;
			buildSettings = {
				ASSETCATALOG_COMPILER_APPICON_NAME = AppIcon;
				ASSETCATALOG_COMPILER_GLOBAL_ACCENT_COLOR_NAME = AccentColor;
				CODE_SIGN_STYLE = Automatic;
				CURRENT_PROJECT_VERSION = 1;
				DEVELOPMENT_ASSET_PATHS = "\"WhoAmI/Preview Content\"";
				ENABLE_PREVIEWS = YES;
				GENERATE_INFOPLIST_FILE = YES;
				INFOPLIST_KEY_UIApplicationSceneManifest_Generation = YES;
				INFOPLIST_KEY_UIApplicationSupportsIndirectInputEvents = YES;
				INFOPLIST_KEY_UILaunchScreen_Generation = YES;
				INFOPLIST_KEY_UISupportedInterfaceOrientations_iPad = "UIInterfaceOrientationPortrait UIInterfaceOrientationPortraitUpsideDown UIInterfaceOrientationLandscapeLeft UIInterfaceOrientationLandscapeRight";
				INFOPLIST_KEY_UISupportedInterfaceOrientations_iPhone = "UIInterfaceOrientationPortrait UIInterfaceOrientationLandscapeLeft UIInterfaceOrientationLandscapeRight";
				LD_RUNPATH_SEARCH_PATHS = (
					"$(inherited)",
					"@executable_path/Frameworks",
				);
				MARKETING_VERSION = 1.0;
				PRODUCT_BUNDLE_IDENTIFIER = Tinkoko.WhoAmI;
				PRODUCT_NAME = "$(TARGET_NAME)";
				SWIFT_EMIT_LOC_STRINGS = YES;
				SWIFT_VERSION = 5.0;
				TARGETED_DEVICE_FAMILY = "1,2";
			};
			name = Release;
		};
		748C3EC8299EA823000ED735 /* Debug */ = {
			isa = XCBuildConfiguration;
			buildSettings = {
				ALWAYS_EMBED_SWIFT_STANDARD_LIBRARIES = YES;
				BUNDLE_LOADER = "$(TEST_HOST)";
				CODE_SIGN_STYLE = Automatic;
				CURRENT_PROJECT_VERSION = 1;
				GENERATE_INFOPLIST_FILE = YES;
				IPHONEOS_DEPLOYMENT_TARGET = 16.2;
				MARKETING_VERSION = 1.0;
				PRODUCT_BUNDLE_IDENTIFIER = Tinkoko.WhoAmITests;
				PRODUCT_NAME = "$(TARGET_NAME)";
				SWIFT_EMIT_LOC_STRINGS = NO;
				SWIFT_VERSION = 5.0;
				TARGETED_DEVICE_FAMILY = "1,2";
				TEST_HOST = "$(BUILT_PRODUCTS_DIR)/WhoAmI.app/$(BUNDLE_EXECUTABLE_FOLDER_PATH)/WhoAmI";
			};
			name = Debug;
		};
		748C3EC9299EA823000ED735 /* Release */ = {
			isa = XCBuildConfiguration;
			buildSettings = {
				ALWAYS_EMBED_SWIFT_STANDARD_LIBRARIES = YES;
				BUNDLE_LOADER = "$(TEST_HOST)";
				CODE_SIGN_STYLE = Automatic;
				CURRENT_PROJECT_VERSION = 1;
				GENERATE_INFOPLIST_FILE = YES;
				IPHONEOS_DEPLOYMENT_TARGET = 16.2;
				MARKETING_VERSION = 1.0;
				PRODUCT_BUNDLE_IDENTIFIER = Tinkoko.WhoAmITests;
				PRODUCT_NAME = "$(TARGET_NAME)";
				SWIFT_EMIT_LOC_STRINGS = NO;
				SWIFT_VERSION = 5.0;
				TARGETED_DEVICE_FAMILY = "1,2";
				TEST_HOST = "$(BUILT_PRODUCTS_DIR)/WhoAmI.app/$(BUNDLE_EXECUTABLE_FOLDER_PATH)/WhoAmI";
			};
			name = Release;
		};
		748C3ECB299EA823000ED735 /* Debug */ = {
			isa = XCBuildConfiguration;
			buildSettings = {
				ALWAYS_EMBED_SWIFT_STANDARD_LIBRARIES = YES;
				CODE_SIGN_STYLE = Automatic;
				CURRENT_PROJECT_VERSION = 1;
				GENERATE_INFOPLIST_FILE = YES;
				MARKETING_VERSION = 1.0;
				PRODUCT_BUNDLE_IDENTIFIER = Tinkoko.WhoAmIUITests;
				PRODUCT_NAME = "$(TARGET_NAME)";
				SWIFT_EMIT_LOC_STRINGS = NO;
				SWIFT_VERSION = 5.0;
				TARGETED_DEVICE_FAMILY = "1,2";
				TEST_TARGET_NAME = WhoAmI;
			};
			name = Debug;
		};
		748C3ECC299EA823000ED735 /* Release */ = {
			isa = XCBuildConfiguration;
			buildSettings = {
				ALWAYS_EMBED_SWIFT_STANDARD_LIBRARIES = YES;
				CODE_SIGN_STYLE = Automatic;
				CURRENT_PROJECT_VERSION = 1;
				GENERATE_INFOPLIST_FILE = YES;
				MARKETING_VERSION = 1.0;
				PRODUCT_BUNDLE_IDENTIFIER = Tinkoko.WhoAmIUITests;
				PRODUCT_NAME = "$(TARGET_NAME)";
				SWIFT_EMIT_LOC_STRINGS = NO;
				SWIFT_VERSION = 5.0;
				TARGETED_DEVICE_FAMILY = "1,2";
				TEST_TARGET_NAME = WhoAmI;
			};
			name = Release;
		};
/* End XCBuildConfiguration section */

/* Begin XCConfigurationList section */
		748C3E9B299EA821000ED735 /* Build configuration list for PBXProject "WhoAmI" */ = {
			isa = XCConfigurationList;
			buildConfigurations = (
				748C3EC2299EA823000ED735 /* Debug */,
				748C3EC3299EA823000ED735 /* Release */,
			);
			defaultConfigurationIsVisible = 0;
			defaultConfigurationName = Release;
		};
		748C3EC4299EA823000ED735 /* Build configuration list for PBXNativeTarget "WhoAmI" */ = {
			isa = XCConfigurationList;
			buildConfigurations = (
				748C3EC5299EA823000ED735 /* Debug */,
				748C3EC6299EA823000ED735 /* Release */,
			);
			defaultConfigurationIsVisible = 0;
			defaultConfigurationName = Release;
		};
		748C3EC7299EA823000ED735 /* Build configuration list for PBXNativeTarget "WhoAmITests" */ = {
			isa = XCConfigurationList;
			buildConfigurations = (
				748C3EC8299EA823000ED735 /* Debug */,
				748C3EC9299EA823000ED735 /* Release */,
			);
			defaultConfigurationIsVisible = 0;
			defaultConfigurationName = Release;
		};
		748C3ECA299EA823000ED735 /* Build configuration list for PBXNativeTarget "WhoAmIUITests" */ = {
			isa = XCConfigurationList;
			buildConfigurations = (
				748C3ECB299EA823000ED735 /* Debug */,
				748C3ECC299EA823000ED735 /* Release */,
			);
			defaultConfigurationIsVisible = 0;
			defaultConfigurationName = Release;
		};
/* End XCConfigurationList section */
	};
	rootObject = 748C3E98299EA821000ED735 /* Project object */;
}
